github.com/davecgh/go-spew v1.1.0/go.mod h1:J7Y8YcW2NihsgmVo/mv3lAwl/skON4iLHjSsI+c5H38=
github.com/pmezard/go-difflib v1.0.0/go.mod h1:iKH77koFhYxTK1pcRnkKkqfTogsbg7gZNVY4sRDYZ/4=
github.com/stretchr/objx v0.1.0/go.mod h1:HFkY916IF+rwdDfMAkV7OtwuqBVzrE8GR6GFx+wExME=
github.com/stretchr/testify v1.6.1/go.mod h1:6Fq8oRcR53rry900zMqJjRRixrwX3KX962/h/Wwjteg=
github.com/ugorji/go v1.2.1 h1:dz+JxTe7GZQdErTo7SREc1jQj/hFP1k7jyIAwODoW+k=
github.com/ugorji/go v1.2.1/go.mod h1:cSVypSfTLm2o9fKxXvQgn3rMmkPXovcWor6Qn5tbFmI=
github.com/ugorji/go/codec v1.1.5-pre/go.mod h1:tULtS6Gy1AE1yCENaw4Vb//HLH5njI2tfCQDUqRd8fI=
github.com/ugorji/go/codec v1.1.7/go.mod h1:Ax+UKWsSmolVDwsd+7N3ZtXu+yMGCf907BLYF3GoBXY=
github.com/ugorji/go/codec v1.1.8/go.mod h1:X00B19HDtwvKbQY2DcYjvZxKQp8mzrJoQ6EgoIY/D2E=
github.com/ugorji/go/codec v1.1.9-beta-1/go.mod h1:bU8OKWCS1if1lo0/gupF89BPDDJmleRa+DJd0Jp5GxQ=
github.com/ugorji/go/codec v1.1.9-beta-2/go.mod h1:bU8OKWCS1if1lo0/gupF89BPDDJmleRa+DJd0Jp5GxQ=
github.com/ugorji/go/codec v1.1.9-beta-3/go.mod h1:afLKApQ07PamjYCndUVLWh6G5qFE0WRop3b9L+ZxEcU=
github.com/ugorji/go/codec v1.1.9-beta-4/go.mod h1:wbRxt+8TxD9LSLFAqfG8KRZS4Y/Tu3FSVZRkJzD7s2A=
github.com/ugorji/go/codec v1.1.9/go.mod h1:+SWgpdqOgdW5sBaiDfkHilQ1SxQ1hBkq/R+kHfL7Suo=
github.com/ugorji/go/codec v1.1.10/go.mod h1:jdPQoxvTq1mb8XV6RmofOz5UgNKV2czR6xvxXGwy1Bo=
github.com/ugorji/go/codec v1.1.11/go.mod h1:svMFxxx5FVQJPnJ9vbpAgscNufuiXDyldvzApI86qQo=
github.com/ugorji/go/codec v1.1.12/go.mod h1:U/SFD954ms+MwaHihwfeIz/sGz5OFgHt81tHc+Duy5k=
github.com/ugorji/go/codec v1.1.13/go.mod h1:oNVt3Dq+FO91WNQ/9JnHKQP2QJxTzoN7wCBFCq1OeuU=
github.com/ugorji/go/codec v1.1.14/go.mod h1:CburFl4ZXbHpzvp1gzm2I8tpnFk9XPHOJwIheJViqKk=
github.com/ugorji/go/codec v1.2.0/go.mod h1:dXvG35r7zTX6QImXOSFhGMmKtX+wJ7VTWzGvYQGIjBs=
github.com/ugorji/go/codec v1.2.1 h1:/TRfW3XKkvWvmAYyCUaQlhoCDGjcvNR8xVVA/l5p/jQ=
github.com/ugorji/go/codec v1.2.1/go.mod h1:s/WxCRi46t8rA+fowL40EnmD7ec0XhR7ZypxeBNdzsM=
github.com/vmihailenco/msgpack v4.0.4+incompatible h1:dSLoQfGFAo3F6OoNhwUmLwVgaUXK79GlxNBwueZn0xI=
github.com/vmihailenco/msgpack v4.0.4+incompatible/go.mod h1:fy3FlTQTDXWkZ7Bh6AcGMlsjHatGryHQYUTf1ShIgkk=
github.com/vmihailenco/msgpack/v5 v5.1.0 h1:+od5YbEXxW95SPlW6beocmt8nOtlh83zqat5Ip9Hwdc=
github.com/vmihailenco/msgpack/v5 v5.1.0/go.mod h1:C5gboKD0TJPqWDTVTtrQNfRbiBwHZGo8UTqP/9/XvLI=
github.com/vmihailenco/tagparser v0.1.2 h1:gnjoVuB/kljJ5wICEEOpx98oXMWPLj22G67Vbd1qPqc=
github.com/vmihailenco/tagparser v0.1.2/go.mod h1:OeAg3pn3UbLjkWt+rN9oFYB6u/cQgqMEUPoW2WPyhdI=
gopkg.in/check.v1 v0.0.0-20161208181325-20d25e280405/go.mod h1:Co6ibVJAznAaIkqp8huTwlJQCZ016jof/cbN4VW5Yz0=
gopkg.in/yaml.v3 v3.0.0-20200313102051-9f266ea9e77c/go.mod h1:K4uyk7z7BCEPqu6E+C64Yfv1cQ7kz7rIZviUmN+EgEM=
